
Microsoft Visual Studio Solution File, Format Version 12.00
# Visual Studio Version 17
VisualStudioVersion = 17.5.33516.290
MinimumVisualStudioVersion = 10.0.40219.1
Project("{9A19103F-16F7-4668-BE54-9A1E7A4F7556}") = "CRUDExample", "CRUDExample\CRUDExample.csproj", "{E770A62A-7E44-41B6-AAF3-2A6E3A309A45}"
EndProject
Project("{9A19103F-16F7-4668-BE54-9A1E7A4F7556}") = "CRUDTests", "CRUDTests\CRUDTests.csproj", "{44690ED5-3BA3-4292-A14D-EB42C0925019}"
EndProject
Project("{9A19103F-16F7-4668-BE54-9A1E7A4F7556}") = "Entities", "Entities\Entities.csproj", "{4E0422CF-98C4-40DB-8B4A-80CCE8E29D4C}"
EndProject
Project("{9A19103F-16F7-4668-BE54-9A1E7A4F7556}") = "ServiceContracts", "ServiceContracts\ServiceContracts.csproj", "{0BC0AA64-B4C7-4E4D-92F4-BADF27771727}"
EndProject
Project("{9A19103F-16F7-4668-BE54-9A1E7A4F7556}") = "Services", "Services\Services.csproj", "{24FA0380-545A-4C70-ADC1-144D2E7CDA94}"
EndProject
Project("{FAE04EC0-301F-11D3-BF4B-00C04F79EFBC}") = "RepositoryContracts", "RepositoryContracts\RepositoryContracts.csproj", "{AFCEF78E-2D38-499F-8E0A-6A7D3C6DC51E}"
EndProject
Project("{FAE04EC0-301F-11D3-BF4B-00C04F79EFBC}") = "Repositories", "Repositories\Repositories.csproj", "{A03BC897-E8F2-4B67-B9EC-43920CACFCF1}"
EndProject
Global
	GlobalSection(SolutionConfigurationPlatforms) = preSolution
		Debug|Any CPU = Debug|Any CPU
		Release|Any CPU = Release|Any CPU
	EndGlobalSection
	GlobalSection(ProjectConfigurationPlatforms) = postSolution
		{E770A62A-7E44-41B6-AAF3-2A6E3A309A45}.Debug|Any CPU.ActiveCfg = Debug|Any CPU
		{E770A62A-7E44-41B6-AAF3-2A6E3A309A45}.Debug|Any CPU.Build.0 = Debug|Any CPU
		{E770A62A-7E44-41B6-AAF3-2A6E3A309A45}.Release|Any CPU.ActiveCfg = Release|Any CPU
		{E770A62A-7E44-41B6-AAF3-2A6E3A309A45}.Release|Any CPU.Build.0 = Release|Any CPU
		{44690ED5-3BA3-4292-A14D-EB42C0925019}.Debug|Any CPU.ActiveCfg = Debug|Any CPU
		{44690ED5-3BA3-4292-A14D-EB42C0925019}.Debug|Any CPU.Build.0 = Debug|Any CPU
		{44690ED5-3BA3-4292-A14D-EB42C0925019}.Release|Any CPU.ActiveCfg = Release|Any CPU
		{44690ED5-3BA3-4292-A14D-EB42C0925019}.Release|Any CPU.Build.0 = Release|Any CPU
		{4E0422CF-98C4-40DB-8B4A-80CCE8E29D4C}.Debug|Any CPU.ActiveCfg = Debug|Any CPU
		{4E0422CF-98C4-40DB-8B4A-80CCE8E29D4C}.Debug|Any CPU.Build.0 = Debug|Any CPU
		{4E0422CF-98C4-40DB-8B4A-80CCE8E29D4C}.Release|Any CPU.ActiveCfg = Release|Any CPU
		{4E0422CF-98C4-40DB-8B4A-80CCE8E29D4C}.Release|Any CPU.Build.0 = Release|Any CPU
		{0BC0AA64-B4C7-4E4D-92F4-BADF27771727}.Debug|Any CPU.ActiveCfg = Debug|Any CPU
		{0BC0AA64-B4C7-4E4D-92F4-BADF27771727}.Debug|Any CPU.Build.0 = Debug|Any CPU
		{0BC0AA64-B4C7-4E4D-92F4-BADF27771727}.Release|Any CPU.ActiveCfg = Release|Any CPU
		{0BC0AA64-B4C7-4E4D-92F4-BADF27771727}.Release|Any CPU.Build.0 = Release|Any CPU
		{24FA0380-545A-4C70-ADC1-144D2E7CDA94}.Debug|Any CPU.ActiveCfg = Debug|Any CPU
		{24FA0380-545A-4C70-ADC1-144D2E7CDA94}.Debug|Any CPU.Build.0 = Debug|Any CPU
		{24FA0380-545A-4C70-ADC1-144D2E7CDA94}.Release|Any CPU.ActiveCfg = Release|Any CPU
		{24FA0380-545A-4C70-ADC1-144D2E7CDA94}.Release|Any CPU.Build.0 = Release|Any CPU
		{AFCEF78E-2D38-499F-8E0A-6A7D3C6DC51E}.Debug|Any CPU.ActiveCfg = Debug|Any CPU
		{AFCEF78E-2D38-499F-8E0A-6A7D3C6DC51E}.Debug|Any CPU.Build.0 = Debug|Any CPU
		{AFCEF78E-2D38-499F-8E0A-6A7D3C6DC51E}.Release|Any CPU.ActiveCfg = Release|Any CPU
		{AFCEF78E-2D38-499F-8E0A-6A7D3C6DC51E}.Release|Any CPU.Build.0 = Release|Any CPU
		{A03BC897-E8F2-4B67-B9EC-43920CACFCF1}.Debug|Any CPU.ActiveCfg = Debug|Any CPU
		{A03BC897-E8F2-4B67-B9EC-43920CACFCF1}.Debug|Any CPU.Build.0 = Debug|Any CPU
		{A03BC897-E8F2-4B67-B9EC-43920CACFCF1}.Release|Any CPU.ActiveCfg = Release|Any CPU
		{A03BC897-E8F2-4B67-B9EC-43920CACFCF1}.Release|Any CPU.Build.0 = Release|Any CPU
	EndGlobalSection
	GlobalSection(SolutionProperties) = preSolution
		HideSolutionNode = FALSE
	EndGlobalSection
	GlobalSection(ExtensibilityGlobals) = postSolution
		SolutionGuid = {983B7C00-3AAE-44D0-BF6D-0AA3300E10DD}
	EndGlobalSection
EndGlobal
